github.com/docopt/docopt-go v0.0.0-20160216232012-784ddc588536 h1:rHnpq7uNlix5l7tWZ55iJcHHrxCPnOVF4FGb7qOT2Jc=
github.com/docopt/docopt-go v0.0.0-20160216232012-784ddc588536/go.mod h1:WwZ+bS3ebgob9U8Nd0kOddGdZWjyMGR8Wziv+TBNwSE=
github.com/fatih/color v1.5.0 h1:vBh+kQp8lg9XPr56u1CPrWjFXtdphMoGWVHr9/1c+A0=
github.com/fatih/color v1.5.0/go.mod h1:Zm6kSWBoL9eyXnKyktHP6abPY2pDugNf5KwzbycvMj4=
github.com/gobwas/glob v0.0.0-20170212200151-51eb1ee00b6d h1:IngNQgbqr5ZOU0exk395Szrvkzes9Ilk1fmJfkw7d+M=
github.com/gobwas/glob v0.0.0-20170212200151-51eb1ee00b6d/go.mod h1:d3Ez4x06l9bZtSvzIay5+Yzi0fmZzPgnTbPcKjJAkT8=
github.com/kr/pretty v0.1.0 h1:L/CwN0zerZDmRFUapSPitk6f+Q3+0za1rQkzVuMiMFI=
github.com/kr/pretty v0.1.0/go.mod h1:dAy3ld7l9f0ibDNOQOHHMYYIIbhfbHSm3C4ZsoJORNo=
github.com/kr/pty v1.1.1/go.mod h1:pFQYn66WHrOpPYNljwOMqo10TkYh1fy3cYio2l3bCsQ=
github.com/kr/text v0.1.0 h1:45sCR5RtlFHMR4UwH9sdQ5TC8v0qDQCHnXt+kaKSTVE=
github.com/kr/text v0.1.0/go.mod h1:4Jbv+DJW3UT/LiOwJeYQe1efqtUx/iVham/4vfdArNI=
github.com/mattn/go-colorable v0.0.0-20170210172801-5411d3eea597 h1:hGizH4aMDFFt1iOA4HNKC13lqIBoCyxIjWcAnWIy7aU=
github.com/mattn/go-colorable v0.0.0-20170210172801-5411d3eea597/go.mod h1:9vuHe8Xs5qXnSaW/c/ABM9alt+Vo+STaOChaDxuIBZU=
github.com/mattn/go-isatty v0.0.0-20170307163044-57fdcb988a5c h1:AHfQR/s6GNi92TOh+kfGworqDvTxj2rMsS+Hca87nck=
github.com/mattn/go-isatty v0.0.0-20170307163044-57fdcb988a5c/go.mod h1:M+lRXTBqGeGNdLjl/ufCoiOlB5xdOkqRJdNxMWT7Zi4=
github.com/surma/gocpio v0.0.0-20160926205914-fcb68777e7dc h1:dJ9V+jiTrrb4QX0q8oydotHlwXfMIA4ucx1eGSP9QTw=
github.com/surma/gocpio v0.0.0-20160926205914-fcb68777e7dc/go.mod h1:zaLNaN+EDnfSnNdWPJJf9OZxWF817w5dt8JNzF9LCVI=
github.com/xyproto/yaml v0.0.0-20170425092414-fe7d63e22dd0 h1:yOvaIzAwVCNqw1zBELbvNQmaa00WW1sSEDRfsSIWcXY=
github.com/xyproto/yaml v0.0.0-20170425092414-fe7d63e22dd0/go.mod h1:ew4zSoQYGgCxPVrodpgBc6IqRHKBeGyOj30+wZRhRVA=
golang.org/x/sys v0.0.0-20170213225739-e24f485414ae h1:GTtEQDSA+M757ZEFcmC1Z5tEQXeyj0/vKmKeGqKRbP4=
golang.org/x/sys v0.0.0-20170213225739-e24f485414ae/go.mod h1:STP8DvDyc/dI5b8T5hshtkjS+E42TnysNCUPdjciGhY=
gopkg.in/check.v1 v0.0.0-20161208181325-20d25e280405/go.mod h1:Co6ibVJAznAaIkqp8huTwlJQCZ016jof/cbN4VW5Yz0=
gopkg.in/check.v1 v1.0.0-20180628173108-788fd7840127 h1:qIbj1fsPNlZgppZ+VLlY7N33q108Sa+fhmuc+sWQYwY=
gopkg.in/check.v1 v1.0.0-20180628173108-788fd7840127/go.mod h1:Co6ibVJAznAaIkqp8huTwlJQCZ016jof/cbN4VW5Yz0=
gopkg.in/yaml.v2 v2.2.1 h1:mUhvW9EsL+naU5Q3cakzfE91YhliOondGd6ZrsDBHQE=
gopkg.in/yaml.v2 v2.2.1/go.mod h1:hI93XBmqTisBFMUTm0b8Fm+jr3Dg1NNxqwp+5A1VGuI=
